
Microsoft Visual Studio Solution File, Format Version 12.00
# Visual Studio Version 16
VisualStudioVersion = 16.0.31205.134
MinimumVisualStudioVersion = 10.0.40219.1
Project("{FAE04EC0-301F-11D3-BF4B-00C04F79EFBC}") = "WebAp1v2", "WebAp1v2.csproj", "{8BE0D0C9-28D8-4EE2-8DF6-6D9CA20018B3}"
EndProject
Global
	GlobalSection(SolutionConfigurationPlatforms) = preSolution
		Debug|Any CPU = Debug|Any CPU
		Release|Any CPU = Release|Any CPU
	EndGlobalSection
	GlobalSection(ProjectConfigurationPlatforms) = postSolution
		{8BE0D0C9-28D8-4EE2-8DF6-6D9CA20018B3}.Debug|Any CPU.ActiveCfg = Debug|Any CPU
		{8BE0D0C9-28D8-4EE2-8DF6-6D9CA20018B3}.Debug|Any CPU.Build.0 = Debug|Any CPU
		{8BE0D0C9-28D8-4EE2-8DF6-6D9CA20018B3}.Release|Any CPU.ActiveCfg = Release|Any CPU
		{8BE0D0C9-28D8-4EE2-8DF6-6D9CA20018B3}.Release|Any CPU.Build.0 = Release|Any CPU
	EndGlobalSection
	GlobalSection(SolutionProperties) = preSolution
		HideSolutionNode = FALSE
	EndGlobalSection
	GlobalSection(ExtensibilityGlobals) = postSolution
		SolutionGuid = {60561C69-D60C-448F-AEB0-34509D6DDDA4}
	EndGlobalSection
EndGlobal
